<Solution>
  <Project Path="src/Hana.Domain/Hana.Domain.csproj" />
  <Project Path="src/Hana.Application/Hana.Application.csproj" />
  <Project Path="src/Hana.Infrastructure/Hana.Infrastructure.csproj" />
  <Project Path="apps/api/Hana.Api/Hana.Api.csproj" />
  <Project Path="apps/workers/Hana.Worker/Hana.Worker.csproj" />
</Solution>
